// !$*UTF8*$!
{
	archiveVersion = 1;
	classes = {
	};
	objectVersion = 51;
	objects = {

/* Begin PBXBuildFile section */
		626631380C3F75807322B355 /* Pods_Covid_19.framework in Frameworks */ = {isa = PBXBuildFile; fileRef = 42B1F7EA79956EB738EC5911 /* Pods_Covid_19.framework */; };
		688FE28826FED48E006CBC41 /* AppDelegate.swift in Sources */ = {isa = PBXBuildFile; fileRef = 688FE28726FED48E006CBC41 /* AppDelegate.swift */; };
		688FE28A26FED48E006CBC41 /* SceneDelegate.swift in Sources */ = {isa = PBXBuildFile; fileRef = 688FE28926FED48E006CBC41 /* SceneDelegate.swift */; };
		688FE28C26FED48E006CBC41 /* ViewController.swift in Sources */ = {isa = PBXBuildFile; fileRef = 688FE28B26FED48E006CBC41 /* ViewController.swift */; };
		688FE28F26FED48E006CBC41 /* Main.storyboard in Resources */ = {isa = PBXBuildFile; fileRef = 688FE28D26FED48E006CBC41 /* Main.storyboard */; };
		688FE29126FED491006CBC41 /* Assets.xcassets in Resources */ = {isa = PBXBuildFile; fileRef = 688FE29026FED491006CBC41 /* Assets.xcassets */; };
		688FE29426FED491006CBC41 /* LaunchScreen.storyboard in Resources */ = {isa = PBXBuildFile; fileRef = 688FE29226FED491006CBC41 /* LaunchScreen.storyboard */; };
		688FE2A126FEDD02006CBC41 /* CovidCell.swift in Sources */ = {isa = PBXBuildFile; fileRef = 688FE2A026FEDD02006CBC41 /* CovidCell.swift */; };
		688FE2A426FEDEA6006CBC41 /* ListViewController.swift in Sources */ = {isa = PBXBuildFile; fileRef = 688FE2A326FEDEA6006CBC41 /* ListViewController.swift */; };
		688FE2AB26FEFC3F006CBC41 /* CovidVO.swift in Sources */ = {isa = PBXBuildFile; fileRef = 688FE2AA26FEFC3F006CBC41 /* CovidVO.swift */; };
/* End PBXBuildFile section */

/* Begin PBXFileReference section */
		42B1F7EA79956EB738EC5911 /* Pods_Covid_19.framework */ = {isa = PBXFileReference; explicitFileType = wrapper.framework; includeInIndex = 0; path = Pods_Covid_19.framework; sourceTree = BUILT_PRODUCTS_DIR; };
		688FE28426FED48E006CBC41 /* Covid-19.app */ = {isa = PBXFileReference; explicitFileType = wrapper.application; includeInIndex = 0; path = "Covid-19.app"; sourceTree = BUILT_PRODUCTS_DIR; };
		688FE28726FED48E006CBC41 /* AppDelegate.swift */ = {isa = PBXFileReference; lastKnownFileType = sourcecode.swift; path = AppDelegate.swift; sourceTree = "<group>"; };
		688FE28926FED48E006CBC41 /* SceneDelegate.swift */ = {isa = PBXFileReference; lastKnownFileType = sourcecode.swift; path = SceneDelegate.swift; sourceTree = "<group>"; };
		688FE28B26FED48E006CBC41 /* ViewController.swift */ = {isa = PBXFileReference; lastKnownFileType = sourcecode.swift; path = ViewController.swift; sourceTree = "<group>"; };
		688FE28E26FED48E006CBC41 /* Base */ = {isa = PBXFileReference; lastKnownFileType = file.storyboard; name = Base; path = Base.lproj/Main.storyboard; sourceTree = "<group>"; };
		688FE29026FED491006CBC41 /* Assets.xcassets */ = {isa = PBXFileReference; lastKnownFileType = folder.assetcatalog; path = Assets.xcassets; sourceTree = "<group>"; };
		688FE29326FED491006CBC41 /* Base */ = {isa = PBXFileReference; lastKnownFileType = file.storyboard; name = Base; path = Base.lproj/LaunchScreen.storyboard; sourceTree = "<group>"; };
		688FE29526FED491006CBC41 /* Info.plist */ = {isa = PBXFileReference; lastKnownFileType = text.plist.xml; path = Info.plist; sourceTree = "<group>"; };
		688FE2A026FEDD02006CBC41 /* CovidCell.swift */ = {isa = PBXFileReference; lastKnownFileType = sourcecode.swift; path = CovidCell.swift; sourceTree = "<group>"; };
		688FE2A326FEDEA6006CBC41 /* ListViewController.swift */ = {isa = PBXFileReference; lastKnownFileType = sourcecode.swift; path = ListViewController.swift; sourceTree = "<group>"; };
		688FE2AA26FEFC3F006CBC41 /* CovidVO.swift */ = {isa = PBXFileReference; lastKnownFileType = sourcecode.swift; path = CovidVO.swift; sourceTree = "<group>"; };
		70AE5BEAFE3C062D73A49851 /* Pods-Covid-19.debug.xcconfig */ = {isa = PBXFileReference; includeInIndex = 1; lastKnownFileType = text.xcconfig; name = "Pods-Covid-19.debug.xcconfig"; path = "Target Support Files/Pods-Covid-19/Pods-Covid-19.debug.xcconfig"; sourceTree = "<group>"; };
		FF561F51E1BD9B5A7D4B2361 /* Pods-Covid-19.release.xcconfig */ = {isa = PBXFileReference; includeInIndex = 1; lastKnownFileType = text.xcconfig; name = "Pods-Covid-19.release.xcconfig"; path = "Target Support Files/Pods-Covid-19/Pods-Covid-19.release.xcconfig"; sourceTree = "<group>"; };
/* End PBXFileReference section */

/* Begin PBXFrameworksBuildPhase section */
		688FE28126FED48E006CBC41 /* Frameworks */ = {
			isa = PBXFrameworksBuildPhase;
			buildActionMask = 2147483647;
			files = (
				626631380C3F75807322B355 /* Pods_Covid_19.framework in Frameworks */,
			);
			runOnlyForDeploymentPostprocessing = 0;
		};
/* End PBXFrameworksBuildPhase section */

/* Begin PBXGroup section */
		6546AEA21F59DD3B3BA4C753 /* Frameworks */ = {
			isa = PBXGroup;
			children = (
				42B1F7EA79956EB738EC5911 /* Pods_Covid_19.framework */,
			);
			name = Frameworks;
			sourceTree = "<group>";
		};
		688FE27B26FED48E006CBC41 = {
			isa = PBXGroup;
			children = (
				688FE28626FED48E006CBC41 /* Covid-19 */,
				688FE28526FED48E006CBC41 /* Products */,
				B45C3B167D18C1D4331BC078 /* Pods */,
				6546AEA21F59DD3B3BA4C753 /* Frameworks */,
			);
			sourceTree = "<group>";
		};
		688FE28526FED48E006CBC41 /* Products */ = {
			isa = PBXGroup;
			children = (
				688FE28426FED48E006CBC41 /* Covid-19.app */,
			);
			name = Products;
			sourceTree = "<group>";
		};
		688FE28626FED48E006CBC41 /* Covid-19 */ = {
			isa = PBXGroup;
			children = (
				688FE28726FED48E006CBC41 /* AppDelegate.swift */,
				688FE28926FED48E006CBC41 /* SceneDelegate.swift */,
				688FE28B26FED48E006CBC41 /* ViewController.swift */,
				688FE28D26FED48E006CBC41 /* Main.storyboard */,
				688FE2A326FEDEA6006CBC41 /* ListViewController.swift */,
				688FE2AA26FEFC3F006CBC41 /* CovidVO.swift */,
				688FE2A026FEDD02006CBC41 /* CovidCell.swift */,
				688FE29026FED491006CBC41 /* Assets.xcassets */,
				688FE29226FED491006CBC41 /* LaunchScreen.storyboard */,
				688FE29526FED491006CBC41 /* Info.plist */,
			);
			path = "Covid-19";
			sourceTree = "<group>";
		};
		B45C3B167D18C1D4331BC078 /* Pods */ = {
			isa = PBXGroup;
			children = (
				70AE5BEAFE3C062D73A49851 /* Pods-Covid-19.debug.xcconfig */,
				FF561F51E1BD9B5A7D4B2361 /* Pods-Covid-19.release.xcconfig */,
			);
			path = Pods;
			sourceTree = "<group>";
		};
/* End PBXGroup section */

/* Begin PBXNativeTarget section */
		688FE28326FED48E006CBC41 /* Covid-19 */ = {
			isa = PBXNativeTarget;
			buildConfigurationList = 688FE29826FED491006CBC41 /* Build configuration list for PBXNativeTarget "Covid-19" */;
			buildPhases = (
				8158342EB3E582BE94F7B194 /* [CP] Check Pods Manifest.lock */,
				688FE28026FED48E006CBC41 /* Sources */,
				688FE28126FED48E006CBC41 /* Frameworks */,
				688FE28226FED48E006CBC41 /* Resources */,
				6C814CFB20EDB77CF915197F /* [CP] Embed Pods Frameworks */,
			);
			buildRules = (
			);
			dependencies = (
			);
			name = "Covid-19";
			productName = "Covid-19";
			productReference = 688FE28426FED48E006CBC41 /* Covid-19.app */;
			productType = "com.apple.product-type.application";
		};
/* End PBXNativeTarget section */

/* Begin PBXProject section */
		688FE27C26FED48E006CBC41 /* Project object */ = {
			isa = PBXProject;
			attributes = {
				LastSwiftUpdateCheck = 1200;
				LastUpgradeCheck = 1200;
				TargetAttributes = {
					688FE28326FED48E006CBC41 = {
						CreatedOnToolsVersion = 12.0;
					};
				};
			};
			buildConfigurationList = 688FE27F26FED48E006CBC41 /* Build configuration list for PBXProject "Covid-19" */;
			compatibilityVersion = "Xcode 9.3";
			developmentRegion = en;
			hasScannedForEncodings = 0;
			knownRegions = (
				en,
				Base,
			);
			mainGroup = 688FE27B26FED48E006CBC41;
			productRefGroup = 688FE28526FED48E006CBC41 /* Products */;
			projectDirPath = "";
			projectRoot = "";
			targets = (
				688FE28326FED48E006CBC41 /* Covid-19 */,
			);
		};
/* End PBXProject section */

/* Begin PBXResourcesBuildPhase section */
		688FE28226FED48E006CBC41 /* Resources */ = {
			isa = PBXResourcesBuildPhase;
			buildActionMask = 2147483647;
			files = (
				688FE29426FED491006CBC41 /* LaunchScreen.storyboard in Resources */,
				688FE29126FED491006CBC41 /* Assets.xcassets in Resources */,
				688FE28F26FED48E006CBC41 /* Main.storyboard in Resources */,
			);
			runOnlyForDeploymentPostprocessing = 0;
		};
/* End PBXResourcesBuildPhase section */

/* Begin PBXShellScriptBuildPhase section */
		6C814CFB20EDB77CF915197F /* [CP] Embed Pods Frameworks */ = {
			isa = PBXShellScriptBuildPhase;
			buildActionMask = 2147483647;
			files = (
			);
			inputFileListPaths = (
				"${PODS_ROOT}/Target Support Files/Pods-Covid-19/Pods-Covid-19-frameworks-${CONFIGURATION}-input-files.xcfilelist",
			);
			name = "[CP] Embed Pods Frameworks";
			outputFileListPaths = (
				"${PODS_ROOT}/Target Support Files/Pods-Covid-19/Pods-Covid-19-frameworks-${CONFIGURATION}-output-files.xcfilelist",
			);
			runOnlyForDeploymentPostprocessing = 0;
			shellPath = /bin/sh;
			shellScript = "\"${PODS_ROOT}/Target Support Files/Pods-Covid-19/Pods-Covid-19-frameworks.sh\"\n";
			showEnvVarsInLog = 0;
		};
		8158342EB3E582BE94F7B194 /* [CP] Check Pods Manifest.lock */ = {
			isa = PBXShellScriptBuildPhase;
			buildActionMask = 2147483647;
			files = (
			);
			inputFileListPaths = (
			);
			inputPaths = (
				"${PODS_PODFILE_DIR_PATH}/Podfile.lock",
				"${PODS_ROOT}/Manifest.lock",
			);
			name = "[CP] Check Pods Manifest.lock";
			outputFileListPaths = (
			);
			outputPaths = (
				"$(DERIVED_FILE_DIR)/Pods-Covid-19-checkManifestLockResult.txt",
			);
			runOnlyForDeploymentPostprocessing = 0;
			shellPath = /bin/sh;
			shellScript = "diff \"${PODS_PODFILE_DIR_PATH}/Podfile.lock\" \"${PODS_ROOT}/Manifest.lock\" > /dev/null\nif [ $? != 0 ] ; then\n    # print error to STDERR\n    echo \"error: The sandbox is not in sync with the Podfile.lock. Run 'pod install' or update your CocoaPods installation.\" >&2\n    exit 1\nfi\n# This output is used by Xcode 'outputs' to avoid re-running this script phase.\necho \"SUCCESS\" > \"${SCRIPT_OUTPUT_FILE_0}\"\n";
			showEnvVarsInLog = 0;
		};
/* End PBXShellScriptBuildPhase section */

/* Begin PBXSourcesBuildPhase section */
		688FE28026FED48E006CBC41 /* Sources */ = {
			isa = PBXSourcesBuildPhase;
			buildActionMask = 2147483647;
			files = (
				688FE28C26FED48E006CBC41 /* ViewController.swift in Sources */,
				688FE28826FED48E006CBC41 /* AppDelegate.swift in Sources */,
				688FE2AB26FEFC3F006CBC41 /* CovidVO.swift in Sources */,
				688FE28A26FED48E006CBC41 /* SceneDelegate.swift in Sources */,
				688FE2A426FEDEA6006CBC41 /* ListViewController.swift in Sources */,
				688FE2A126FEDD02006CBC41 /* CovidCell.swift in Sources */,
			);
			runOnlyForDeploymentPostprocessing = 0;
		};
/* End PBXSourcesBuildPhase section */

/* Begin PBXVariantGroup section */
		688FE28D26FED48E006CBC41 /* Main.storyboard */ = {
			isa = PBXVariantGroup;
			children = (
				688FE28E26FED48E006CBC41 /* Base */,
			);
			name = Main.storyboard;
			sourceTree = "<group>";
		};
		688FE29226FED491006CBC41 /* LaunchScreen.storyboard */ = {
			isa = PBXVariantGroup;
			children = (
				688FE29326FED491006CBC41 /* Base */,
			);
			name = LaunchScreen.storyboard;
			sourceTree = "<group>";
		};
/* End PBXVariantGroup section */

/* Begin XCBuildConfiguration section */
		688FE29626FED491006CBC41 /* Debug */ = {
			isa = XCBuildConfiguration;
			buildSettings = {
				ALWAYS_SEARCH_USER_PATHS = NO;
				CLANG_ANALYZER_NONNULL = YES;
				CLANG_ANALYZER_NUMBER_OBJECT_CONVERSION = YES_AGGRESSIVE;
				CLANG_CXX_LANGUAGE_STANDARD = "gnu++14";
				CLANG_CXX_LIBRARY = "libc++";
				CLANG_ENABLE_MODULES = YES;
				CLANG_ENABLE_OBJC_ARC = YES;
				CLANG_ENABLE_OBJC_WEAK = YES;
				CLANG_WARN_BLOCK_CAPTURE_AUTORELEASING = YES;
				CLANG_WARN_BOOL_CONVERSION = YES;
				CLANG_WARN_COMMA = YES;
				CLANG_WARN_CONSTANT_CONVERSION = YES;
				CLANG_WARN_DEPRECATED_OBJC_IMPLEMENTATIONS = YES;
				CLANG_WARN_DIRECT_OBJC_ISA_USAGE = YES_ERROR;
				CLANG_WARN_DOCUMENTATION_COMMENTS = YES;
				CLANG_WARN_EMPTY_BODY = YES;
				CLANG_WARN_ENUM_CONVERSION = YES;
				CLANG_WARN_INFINITE_RECURSION = YES;
				CLANG_WARN_INT_CONVERSION = YES;
				CLANG_WARN_NON_LITERAL_NULL_CONVERSION = YES;
				CLANG_WARN_OBJC_IMPLICIT_RETAIN_SELF = YES;
				CLANG_WARN_OBJC_LITERAL_CONVERSION = YES;
				CLANG_WARN_OBJC_ROOT_CLASS = YES_ERROR;
				CLANG_WARN_QUOTED_INCLUDE_IN_FRAMEWORK_HEADER = YES;
				CLANG_WARN_RANGE_LOOP_ANALYSIS = YES;
				CLANG_WARN_STRICT_PROTOTYPES = YES;
				CLANG_WARN_SUSPICIOUS_MOVE = YES;
				CLANG_WARN_UNGUARDED_AVAILABILITY = YES_AGGRESSIVE;
				CLANG_WARN_UNREACHABLE_CODE = YES;
				CLANG_WARN__DUPLICATE_METHOD_MATCH = YES;
				COPY_PHASE_STRIP = NO;
				DEBUG_INFORMATION_FORMAT = dwarf;
				ENABLE_STRICT_OBJC_MSGSEND = YES;
				ENABLE_TESTABILITY = YES;
				GCC_C_LANGUAGE_STANDARD = gnu11;
				GCC_DYNAMIC_NO_PIC = NO;
				GCC_NO_COMMON_BLOCKS = YES;
				GCC_OPTIMIZATION_LEVEL = 0;
				GCC_PREPROCESSOR_DEFINITIONS = (
					"DEBUG=1",
					"$(inherited)",
				);
				GCC_WARN_64_TO_32_BIT_CONVERSION = YES;
				GCC_WARN_ABOUT_RETURN_TYPE = YES_ERROR;
				GCC_WARN_UNDECLARED_SELECTOR = YES;
				GCC_WARN_UNINITIALIZED_AUTOS = YES_AGGRESSIVE;
				GCC_WARN_UNUSED_FUNCTION = YES;
				GCC_WARN_UNUSED_VARIABLE = YES;
				IPHONEOS_DEPLOYMENT_TARGET = 14.0;
				MTL_ENABLE_DEBUG_INFO = INCLUDE_SOURCE;
				MTL_FAST_MATH = YES;
				ONLY_ACTIVE_ARCH = YES;
				SDKROOT = iphoneos;
				SWIFT_ACTIVE_COMPILATION_CONDITIONS = DEBUG;
				SWIFT_OPTIMIZATION_LEVEL = "-Onone";
			};
			name = Debug;
		};
		688FE29726FED491006CBC41 /* Release */ = {
			isa = XCBuildConfiguration;
			buildSettings = {
				ALWAYS_SEARCH_USER_PATHS = NO;
				CLANG_ANALYZER_NONNULL = YES;
				CLANG_ANALYZER_NUMBER_OBJECT_CONVERSION = YES_AGGRESSIVE;
				CLANG_CXX_LANGUAGE_STANDARD = "gnu++14";
				CLANG_CXX_LIBRARY = "libc++";
				CLANG_ENABLE_MODULES = YES;
				CLANG_ENABLE_OBJC_ARC = YES;
				CLANG_ENABLE_OBJC_WEAK = YES;
				CLANG_WARN_BLOCK_CAPTURE_AUTORELEASING = YES;
				CLANG_WARN_BOOL_CONVERSION = YES;
				CLANG_WARN_COMMA = YES;
				CLANG_WARN_CONSTANT_CONVERSION = YES;
				CLANG_WARN_DEPRECATED_OBJC_IMPLEMENTATIONS = YES;
				CLANG_WARN_DIRECT_OBJC_ISA_USAGE = YES_ERROR;
				CLANG_WARN_DOCUMENTATION_COMMENTS = YES;
				CLANG_WARN_EMPTY_BODY = YES;
				CLANG_WARN_ENUM_CONVERSION = YES;
				CLANG_WARN_INFINITE_RECURSION = YES;
				CLANG_WARN_INT_CONVERSION = YES;
				CLANG_WARN_NON_LITERAL_NULL_CONVERSION = YES;
				CLANG_WARN_OBJC_IMPLICIT_RETAIN_SELF = YES;
				CLANG_WARN_OBJC_LITERAL_CONVERSION = YES;
				CLANG_WARN_OBJC_ROOT_CLASS = YES_ERROR;
				CLANG_WARN_QUOTED_INCLUDE_IN_FRAMEWORK_HEADER = YES;
				CLANG_WARN_RANGE_LOOP_ANALYSIS = YES;
				CLANG_WARN_STRICT_PROTOTYPES = YES;
				CLANG_WARN_SUSPICIOUS_MOVE = YES;
				CLANG_WARN_UNGUARDED_AVAILABILITY = YES_AGGRESSIVE;
				CLANG_WARN_UNREACHABLE_CODE = YES;
				CLANG_WARN__DUPLICATE_METHOD_MATCH = YES;
				COPY_PHASE_STRIP = NO;
				DEBUG_INFORMATION_FORMAT = "dwarf-with-dsym";
				ENABLE_NS_ASSERTIONS = NO;
				ENABLE_STRICT_OBJC_MSGSEND = YES;
				GCC_C_LANGUAGE_STANDARD = gnu11;
				GCC_NO_COMMON_BLOCKS = YES;
				GCC_WARN_64_TO_32_BIT_CONVERSION = YES;
				GCC_WARN_ABOUT_RETURN_TYPE = YES_ERROR;
				GCC_WARN_UNDECLARED_SELECTOR = YES;
				GCC_WARN_UNINITIALIZED_AUTOS = YES_AGGRESSIVE;
				GCC_WARN_UNUSED_FUNCTION = YES;
				GCC_WARN_UNUSED_VARIABLE = YES;
				IPHONEOS_DEPLOYMENT_TARGET = 14.0;
				MTL_ENABLE_DEBUG_INFO = NO;
				MTL_FAST_MATH = YES;
				SDKROOT = iphoneos;
				SWIFT_COMPILATION_MODE = wholemodule;
				SWIFT_OPTIMIZATION_LEVEL = "-O";
				VALIDATE_PRODUCT = YES;
			};
			name = Release;
		};
		688FE29926FED491006CBC41 /* Debug */ = {
			isa = XCBuildConfiguration;
			baseConfigurationReference = 70AE5BEAFE3C062D73A49851 /* Pods-Covid-19.debug.xcconfig */;
			buildSettings = {
				ASSETCATALOG_COMPILER_APPICON_NAME = AppIcon;
				ASSETCATALOG_COMPILER_GLOBAL_ACCENT_COLOR_NAME = AccentColor;
				CODE_SIGN_STYLE = Automatic;
				INFOPLIST_FILE = "Covid-19/Info.plist";
				LD_RUNPATH_SEARCH_PATHS = (
					"$(inherited)",
					"@executable_path/Frameworks",
				);
				PRODUCT_BUNDLE_IDENTIFIER = "kr.ac.induk.aa.Covid-19";
				PRODUCT_NAME = "$(TARGET_NAME)";
				SWIFT_VERSION = 5.0;
				TARGETED_DEVICE_FAMILY = "1,2";
			};
			name = Debug;
		};
		688FE29A26FED491006CBC41 /* Release */ = {
			isa = XCBuildConfiguration;
			baseConfigurationReference = FF561F51E1BD9B5A7D4B2361 /* Pods-Covid-19.release.xcconfig */;
			buildSettings = {
				ASSETCATALOG_COMPILER_APPICON_NAME = AppIcon;
				ASSETCATALOG_COMPILER_GLOBAL_ACCENT_COLOR_NAME = AccentColor;
				CODE_SIGN_STYLE = Automatic;
				INFOPLIST_FILE = "Covid-19/Info.plist";
				LD_RUNPATH_SEARCH_PATHS = (
					"$(inherited)",
					"@executable_path/Frameworks",
				);
				PRODUCT_BUNDLE_IDENTIFIER = "kr.ac.induk.aa.Covid-19";
				PRODUCT_NAME = "$(TARGET_NAME)";
				SWIFT_VERSION = 5.0;
				TARGETED_DEVICE_FAMILY = "1,2";
			};
			name = Release;
		};
/* End XCBuildConfiguration section */

/* Begin XCConfigurationList section */
		688FE27F26FED48E006CBC41 /* Build configuration list for PBXProject "Covid-19" */ = {
			isa = XCConfigurationList;
			buildConfigurations = (
				688FE29626FED491006CBC41 /* Debug */,
				688FE29726FED491006CBC41 /* Release */,
			);
			defaultConfigurationIsVisible = 0;
			defaultConfigurationName = Release;
		};
		688FE29826FED491006CBC41 /* Build configuration list for PBXNativeTarget "Covid-19" */ = {
			isa = XCConfigurationList;
			buildConfigurations = (
				688FE29926FED491006CBC41 /* Debug */,
				688FE29A26FED491006CBC41 /* Release */,
			);
			defaultConfigurationIsVisible = 0;
			defaultConfigurationName = Release;
		};
/* End XCConfigurationList section */
	};
	rootObject = 688FE27C26FED48E006CBC41 /* Project object */;
}
